
Microsoft Visual Studio Solution File, Format Version 12.00
# Visual Studio Version 17
VisualStudioVersion = 17.0.31903.59
MinimumVisualStudioVersion = 10.0.40219.1
Project("{FAE04EC0-301F-11D3-BF4B-00C04F79EFBC}") = "SteamAuthTemplate.API", "..\..\steam-tools\backend\SteamAuthTemplate.API\SteamAuthTemplate.API.csproj", "{E56D257B-D7FE-FFE9-1213-264BC79B87F6}"
EndProject
Global
	GlobalSection(SolutionConfigurationPlatforms) = preSolution
		Debug|Any CPU = Debug|Any CPU
		Release|Any CPU = Release|Any CPU
	EndGlobalSection
	GlobalSection(ProjectConfigurationPlatforms) = postSolution
		{E56D257B-D7FE-FFE9-1213-264BC79B87F6}.Debug|Any CPU.ActiveCfg = Debug|Any CPU
		{E56D257B-D7FE-FFE9-1213-264BC79B87F6}.Debug|Any CPU.Build.0 = Debug|Any CPU
		{E56D257B-D7FE-FFE9-1213-264BC79B87F6}.Release|Any CPU.ActiveCfg = Release|Any CPU
		{E56D257B-D7FE-FFE9-1213-264BC79B87F6}.Release|Any CPU.Build.0 = Release|Any CPU
	EndGlobalSection
	GlobalSection(SolutionProperties) = preSolution
		HideSolutionNode = FALSE
	EndGlobalSection
	GlobalSection(ExtensibilityGlobals) = postSolution
		SolutionGuid = {4CC93825-E346-4847-A806-A1FF7BE8D231}
	EndGlobalSection
EndGlobal
